
Microsoft Visual Studio Solution File, Format Version 12.00
# Visual Studio Version 17
VisualStudioVersion = 17.6.33829.357
MinimumVisualStudioVersion = 10.0.40219.1
Project("{FAE04EC0-301F-11D3-BF4B-00C04F79EFBC}") = "Csharp_listbox_name", "Csharp_listbox_name.csproj", "{D0D34379-218C-4E20-B1BA-11D6DC687661}"
EndProject
Global
	GlobalSection(SolutionConfigurationPlatforms) = preSolution
		Debug|Any CPU = Debug|Any CPU
		Release|Any CPU = Release|Any CPU
	EndGlobalSection
	GlobalSection(ProjectConfigurationPlatforms) = postSolution
		{D0D34379-218C-4E20-B1BA-11D6DC687661}.Debug|Any CPU.ActiveCfg = Debug|Any CPU
		{D0D34379-218C-4E20-B1BA-11D6DC687661}.Debug|Any CPU.Build.0 = Debug|Any CPU
		{D0D34379-218C-4E20-B1BA-11D6DC687661}.Release|Any CPU.ActiveCfg = Release|Any CPU
		{D0D34379-218C-4E20-B1BA-11D6DC687661}.Release|Any CPU.Build.0 = Release|Any CPU
	EndGlobalSection
	GlobalSection(SolutionProperties) = preSolution
		HideSolutionNode = FALSE
	EndGlobalSection
	GlobalSection(ExtensibilityGlobals) = postSolution
		SolutionGuid = {CA48F173-BFD9-4A05-8632-C81A131422BC}
	EndGlobalSection
EndGlobal
